
Microsoft Visual Studio Solution File, Format Version 12.00
# Visual Studio Version 17
VisualStudioVersion = 17.5.2.0
MinimumVisualStudioVersion = 10.0.40219.1
Project("{2150E333-8FDC-42A3-9474-1A3956D46DE8}") = "src", "src", "{827E0CD3-B72D-47B6-A68D-7590B98EB39B}"
EndProject
Project("{2150E333-8FDC-42A3-9474-1A3956D46DE8}") = "tests", "tests", "{A1B2C3D4-E5F6-7890-A1B2-C3D4E5F67890}"
EndProject
Project("{FAE04EC0-301F-11D3-BF4B-00C04F79EFBC}") = "gapir", "src\gapir\gapir.csproj", "{EB4C01BE-31EE-41E8-8444-40C31A3655A9}"
EndProject
Project("{FAE04EC0-301F-11D3-BF4B-00C04F79EFBC}") = "gapir.Tests", "tests\gapir.Tests\gapir.Tests.csproj", "{1B221155-F074-4B73-A259-9A29D5C4CEF9}"
EndProject
Project("{FAE04EC0-301F-11D3-BF4B-00C04F79EFBC}") = "kurz", "src\kurz\kurz.csproj", "{2C332266-G185-5C84-B370-0B40E6D5DF01}"
EndProject
Global
	GlobalSection(SolutionConfigurationPlatforms) = preSolution
		Debug|Any CPU = Debug|Any CPU
		Debug|x64 = Debug|x64
		Debug|x86 = Debug|x86
		Release|Any CPU = Release|Any CPU
		Release|x64 = Release|x64
		Release|x86 = Release|x86
	EndGlobalSection
	GlobalSection(ProjectConfigurationPlatforms) = postSolution
		{EB4C01BE-31EE-41E8-8444-40C31A3655A9}.Debug|Any CPU.ActiveCfg = Debug|Any CPU
		{EB4C01BE-31EE-41E8-8444-40C31A3655A9}.Debug|Any CPU.Build.0 = Debug|Any CPU
		{EB4C01BE-31EE-41E8-8444-40C31A3655A9}.Debug|x64.ActiveCfg = Debug|Any CPU
		{EB4C01BE-31EE-41E8-8444-40C31A3655A9}.Debug|x64.Build.0 = Debug|Any CPU
		{EB4C01BE-31EE-41E8-8444-40C31A3655A9}.Debug|x86.ActiveCfg = Debug|Any CPU
		{EB4C01BE-31EE-41E8-8444-40C31A3655A9}.Debug|x86.Build.0 = Debug|Any CPU
		{EB4C01BE-31EE-41E8-8444-40C31A3655A9}.Release|Any CPU.ActiveCfg = Release|Any CPU
		{EB4C01BE-31EE-41E8-8444-40C31A3655A9}.Release|Any CPU.Build.0 = Release|Any CPU
		{EB4C01BE-31EE-41E8-8444-40C31A3655A9}.Release|x64.ActiveCfg = Release|Any CPU
		{EB4C01BE-31EE-41E8-8444-40C31A3655A9}.Release|x64.Build.0 = Release|Any CPU
		{EB4C01BE-31EE-41E8-8444-40C31A3655A9}.Release|x86.ActiveCfg = Release|Any CPU
		{EB4C01BE-31EE-41E8-8444-40C31A3655A9}.Release|x86.Build.0 = Release|Any CPU
		{1B221155-F074-4B73-A259-9A29D5C4CEF9}.Debug|Any CPU.ActiveCfg = Debug|Any CPU
		{1B221155-F074-4B73-A259-9A29D5C4CEF9}.Debug|Any CPU.Build.0 = Debug|Any CPU
		{1B221155-F074-4B73-A259-9A29D5C4CEF9}.Debug|x64.ActiveCfg = Debug|Any CPU
		{1B221155-F074-4B73-A259-9A29D5C4CEF9}.Debug|x64.Build.0 = Debug|Any CPU
		{1B221155-F074-4B73-A259-9A29D5C4CEF9}.Debug|x86.ActiveCfg = Debug|Any CPU
		{1B221155-F074-4B73-A259-9A29D5C4CEF9}.Debug|x86.Build.0 = Debug|Any CPU
		{1B221155-F074-4B73-A259-9A29D5C4CEF9}.Release|Any CPU.ActiveCfg = Release|Any CPU
		{1B221155-F074-4B73-A259-9A29D5C4CEF9}.Release|Any CPU.Build.0 = Release|Any CPU
		{1B221155-F074-4B73-A259-9A29D5C4CEF9}.Release|x64.ActiveCfg = Release|Any CPU
		{1B221155-F074-4B73-A259-9A29D5C4CEF9}.Release|x64.Build.0 = Release|Any CPU
		{1B221155-F074-4B73-A259-9A29D5C4CEF9}.Release|x86.ActiveCfg = Release|Any CPU
		{1B221155-F074-4B73-A259-9A29D5C4CEF9}.Release|x86.Build.0 = Release|Any CPU
		{2C332266-G185-5C84-B370-0B40E6D5DF01}.Debug|Any CPU.ActiveCfg = Debug|Any CPU
		{2C332266-G185-5C84-B370-0B40E6D5DF01}.Debug|Any CPU.Build.0 = Debug|Any CPU
		{2C332266-G185-5C84-B370-0B40E6D5DF01}.Debug|x64.ActiveCfg = Debug|Any CPU
		{2C332266-G185-5C84-B370-0B40E6D5DF01}.Debug|x64.Build.0 = Debug|Any CPU
		{2C332266-G185-5C84-B370-0B40E6D5DF01}.Debug|x86.ActiveCfg = Debug|Any CPU
		{2C332266-G185-5C84-B370-0B40E6D5DF01}.Debug|x86.Build.0 = Debug|Any CPU
		{2C332266-G185-5C84-B370-0B40E6D5DF01}.Release|Any CPU.ActiveCfg = Release|Any CPU
		{2C332266-G185-5C84-B370-0B40E6D5DF01}.Release|Any CPU.Build.0 = Release|Any CPU
		{2C332266-G185-5C84-B370-0B40E6D5DF01}.Release|x64.ActiveCfg = Release|Any CPU
		{2C332266-G185-5C84-B370-0B40E6D5DF01}.Release|x64.Build.0 = Release|Any CPU
		{2C332266-G185-5C84-B370-0B40E6D5DF01}.Release|x86.ActiveCfg = Release|Any CPU
		{2C332266-G185-5C84-B370-0B40E6D5DF01}.Release|x86.Build.0 = Release|Any CPU
	EndGlobalSection
	GlobalSection(SolutionProperties) = preSolution
		HideSolutionNode = FALSE
	EndGlobalSection
	GlobalSection(NestedProjects) = preSolution
		{EB4C01BE-31EE-41E8-8444-40C31A3655A9} = {827E0CD3-B72D-47B6-A68D-7590B98EB39B}
		{1B221155-F074-4B73-A259-9A29D5C4CEF9} = {A1B2C3D4-E5F6-7890-A1B2-C3D4E5F67890}
		{2C332266-G185-5C84-B370-0B40E6D5DF01} = {827E0CD3-B72D-47B6-A68D-7590B98EB39B}
	EndGlobalSection
	GlobalSection(ExtensibilityGlobals) = postSolution
		SolutionGuid = {E1444480-15E5-401D-83B1-CB25C07DD878}
	EndGlobalSection
EndGlobal
