<Solution>
  <Folder Name="/src/">
    <Project Path="src/gapir.core/gapir.core.csproj" />
    <Project Path="src/gapir/gapir.csproj" />
    <Project Path="src/kurz/kurz.csproj" />
  </Folder>
  <Folder Name="/tests/">
    <Project Path="tests/gapir.Tests/gapir.Tests.csproj" />
  </Folder>
</Solution>
